
Microsoft Visual Studio Solution File, Format Version 12.00
# Visual Studio 15
VisualStudioVersion = 15.0.28307.168
MinimumVisualStudioVersion = 10.0.40219.1
Project("{9A19103F-16F7-4668-BE54-9A1E7A4F7556}") = "Lab04_TicTacToe", "Lab04_TicTacToe\Lab04_TicTacToe.csproj", "{4019E58E-4A1F-4251-A0D8-431B5E248B3A}"
EndProject
Project("{FAE04EC0-301F-11D3-BF4B-00C04F79EFBC}") = "gameTDD", "gameTDD\gameTDD.csproj", "{A541F454-D7B9-4A5E-BDDC-9D791DA8702A}"
EndProject
Global
	GlobalSection(SolutionConfigurationPlatforms) = preSolution
		Debug|Any CPU = Debug|Any CPU
		Release|Any CPU = Release|Any CPU
	EndGlobalSection
	GlobalSection(ProjectConfigurationPlatforms) = postSolution
		{4019E58E-4A1F-4251-A0D8-431B5E248B3A}.Debug|Any CPU.ActiveCfg = Debug|Any CPU
		{4019E58E-4A1F-4251-A0D8-431B5E248B3A}.Debug|Any CPU.Build.0 = Debug|Any CPU
		{4019E58E-4A1F-4251-A0D8-431B5E248B3A}.Release|Any CPU.ActiveCfg = Release|Any CPU
		{4019E58E-4A1F-4251-A0D8-431B5E248B3A}.Release|Any CPU.Build.0 = Release|Any CPU
		{A541F454-D7B9-4A5E-BDDC-9D791DA8702A}.Debug|Any CPU.ActiveCfg = Debug|Any CPU
		{A541F454-D7B9-4A5E-BDDC-9D791DA8702A}.Debug|Any CPU.Build.0 = Debug|Any CPU
		{A541F454-D7B9-4A5E-BDDC-9D791DA8702A}.Release|Any CPU.ActiveCfg = Release|Any CPU
		{A541F454-D7B9-4A5E-BDDC-9D791DA8702A}.Release|Any CPU.Build.0 = Release|Any CPU
	EndGlobalSection
	GlobalSection(SolutionProperties) = preSolution
		HideSolutionNode = FALSE
	EndGlobalSection
	GlobalSection(ExtensibilityGlobals) = postSolution
		SolutionGuid = {D32741EE-99EB-4046-B007-A604C69B343F}
	EndGlobalSection
EndGlobal
